
Microsoft Visual Studio Solution File, Format Version 12.00
# Visual Studio Version 18
VisualStudioVersion = 18.1.11312.151 d18.0
MinimumVisualStudioVersion = 10.0.40219.1
Project("{9A19103F-16F7-4668-BE54-9A1E7A4F7556}") = "RS.Widgets", "RS.Widgets\RS.Widgets.csproj", "{3DB90F7D-A601-45BD-A294-5A3A7CAAB4D8}"
EndProject
Project("{9A19103F-16F7-4668-BE54-9A1E7A4F7556}") = "RS.Win32API", "RS.Win32API\RS.Win32API.csproj", "{CC629DA9-822B-417A-BA2E-145255F3D4DA}"
EndProject
Project("{2150E333-8FDC-42A3-9474-1A3956D46DE8}") = "01、服务端", "01、服务端", "{522B4E47-7720-4AC7-A373-7F2259CC1B9D}"
EndProject
Project("{2150E333-8FDC-42A3-9474-1A3956D46DE8}") = "02、客户端WPF", "02、客户端WPF", "{78E472E8-3D61-47E1-9FD3-C172062B5482}"
EndProject
Project("{2150E333-8FDC-42A3-9474-1A3956D46DE8}") = "12、通用类库", "12、通用类库", "{F3FACD39-FED1-4163-8078-4DA985C463BA}"
EndProject
Project("{2150E333-8FDC-42A3-9474-1A3956D46DE8}") = "99、项目文档", "99、项目文档", "{5863101C-E3FC-4B08-85D4-CF46685D5986}"
EndProject
Project("{9A19103F-16F7-4668-BE54-9A1E7A4F7556}") = "RS.Commons", "RS.Commons\RS.Commons.csproj", "{5914FC4F-DF27-4F02-869C-83C5E66F0355}"
EndProject
Project("{9A19103F-16F7-4668-BE54-9A1E7A4F7556}") = "HslCommunication", "HslCommunication\HslCommunication.csproj", "{802D2FA1-1D7F-4195-8F15-5155844CDC55}"
EndProject
Project("{9A19103F-16F7-4668-BE54-9A1E7A4F7556}") = "RS.ConfigDoc", "RS.ConfigDoc\RS.ConfigDoc.csproj", "{EE2F7FC7-002B-438B-A020-EB2FCD0F012D}"
EndProject
Project("{2150E333-8FDC-42A3-9474-1A3956D46DE8}") = "13、安装程序", "13、安装程序", "{51FDEC41-3BB0-4F5E-AC34-AC845AC68A41}"
EndProject
Project("{2150E333-8FDC-42A3-9474-1A3956D46DE8}") = "14、标注软件", "14、标注软件", "{95312252-6118-4A15-877E-B22C6556AA0B}"
EndProject
Project("{2150E333-8FDC-42A3-9474-1A3956D46DE8}") = "98、胡工科技", "98、胡工科技", "{C75FBDA5-9493-436A-B2E2-C5456B78B174}"
EndProject
Project("{9A19103F-16F7-4668-BE54-9A1E7A4F7556}") = "RS.Models", "RS.Models\RS.Models.csproj", "{3C05CEBB-C17D-4CAB-8905-129F24F98EED}"
EndProject
Project("{9A19103F-16F7-4668-BE54-9A1E7A4F7556}") = "RS.SetupApp", "RS.SetupApp\RS.SetupApp.csproj", "{6C121653-BB55-47A8-9250-03BB5FDADC93}"
EndProject
Project("{2150E333-8FDC-42A3-9474-1A3956D46DE8}") = "97、Python项目", "97、Python项目", "{03837589-9FC2-40DD-9F57-FAAEAE38CCD8}"
EndProject
Project("{9A19103F-16F7-4668-BE54-9A1E7A4F7556}") = "RS.PythonTest", "RS.PythonTest\RS.PythonTest.csproj", "{212C7250-7265-466E-A873-BAE052590169}"
EndProject
Project("{9A19103F-16F7-4668-BE54-9A1E7A4F7556}") = "RS.Annotation", "RS.Annotation\RS.Annotation.csproj", "{495F5027-8EAE-4E71-89BC-0673D81184DE}"
EndProject
Project("{9A19103F-16F7-4668-BE54-9A1E7A4F7556}") = "RS.Annotation.SQLite", "RS.Annotation.SQLite\RS.Annotation.SQLite.csproj", "{864163D9-BA51-4F75-9A89-004DBAC495C4}"
EndProject
Project("{888888A0-9F3D-457C-B088-3A5042F75D52}") = "RS.Python", "RS.Python\RS.Python.pyproj", "{C8C4BE36-5E0A-4C1B-B746-75552BFE2284}"
EndProject
Project("{FAE04EC0-301F-11D3-BF4B-00C04F79EFBC}") = "RS.Server", "RS.Server\RS.Server.csproj", "{E6E749AA-4E42-7953-9865-0251FEAF542B}"
EndProject
Project("{FAE04EC0-301F-11D3-BF4B-00C04F79EFBC}") = "RS.Server.BLL", "RS.Server.BLL\RS.Server.BLL.csproj", "{E131E9C5-D429-CBA6-68A0-1F6F5B4158EC}"
EndProject
Project("{FAE04EC0-301F-11D3-BF4B-00C04F79EFBC}") = "RS.Server.DAL", "RS.Server.DAL\RS.Server.DAL.csproj", "{1CD7C29F-6DBB-DD3A-9F66-A3E6DDD72EE9}"
EndProject
Project("{FAE04EC0-301F-11D3-BF4B-00C04F79EFBC}") = "RS.Server.Entity", "RS.Server.Entity\RS.Server.Entity.csproj", "{B08DE793-D344-0777-B123-279A5EF49BAC}"
EndProject
Project("{FAE04EC0-301F-11D3-BF4B-00C04F79EFBC}") = "RS.Server.IBLL", "RS.Server.IBLL\RS.Server.IBLL.csproj", "{CB017FD7-2426-248A-6B42-76C063094C21}"
EndProject
Project("{FAE04EC0-301F-11D3-BF4B-00C04F79EFBC}") = "RS.Server.IDAL", "RS.Server.IDAL\RS.Server.IDAL.csproj", "{9D0E6448-8C8C-4684-7FAD-F8595E1F61BC}"
EndProject
Project("{FAE04EC0-301F-11D3-BF4B-00C04F79EFBC}") = "RS.Server.Models", "RS.Server.Models\RS.Server.Models.csproj", "{BBDAEBD3-F323-C42A-FFDF-8328171277DF}"
EndProject
Project("{FAE04EC0-301F-11D3-BF4B-00C04F79EFBC}") = "RS.Server.WebAPI", "RS.Server.WebAPI\RS.Server.WebAPI.csproj", "{E730F0C5-D9E0-6BE1-13D2-662D7BFD00D5}"
EndProject
Project("{FAE04EC0-301F-11D3-BF4B-00C04F79EFBC}") = "RS.WPFClient", "RS.WPFClient\RS.WPFClient.csproj", "{3A6149D5-EBDE-333E-1B4C-430F8775220A}"
EndProject
Project("{FAE04EC0-301F-11D3-BF4B-00C04F79EFBC}") = "RS.WPFClient.BLL", "RS.WPFClient.BLL\RS.WPFClient.BLL.csproj", "{922F080E-D02F-5B2B-8A97-EA4F3D91E834}"
EndProject
Project("{FAE04EC0-301F-11D3-BF4B-00C04F79EFBC}") = "RS.WPFClient.IBLL", "RS.WPFClient.IBLL\RS.WPFClient.IBLL.csproj", "{E369DC3E-769F-8CE8-8105-054A7B7F5E40}"
EndProject
Project("{FAE04EC0-301F-11D3-BF4B-00C04F79EFBC}") = "RS.WPFClient.SQLite", "RS.WPFClient.SQLite\RS.WPFClient.SQLite.csproj", "{3972AAA8-277A-2630-2DD9-0089209DBDCD}"
EndProject
Project("{FAE04EC0-301F-11D3-BF4B-00C04F79EFBC}") = "RS.WPFClient.Test", "RS.WPFClient.Test\RS.WPFClient.Test.csproj", "{65A6F981-A544-7430-5D9F-3BAD74A5ADC1}"
EndProject
Project("{2150E333-8FDC-42A3-9474-1A3956D46DE8}") = "04、客户端Vue", "04、客户端Vue", "{02EA681E-C7D8-13C7-8484-4AC65E1B71E8}"
EndProject
Project("{54A90642-561A-4BB1-A94E-469ADEE60C69}") = "RS.VueClient", "RS.VueClient\RS.VueClient.esproj", "{3EF5BEFB-5945-714F-3CD9-A7DAB39396C9}"
EndProject
Project("{2150E333-8FDC-42A3-9474-1A3956D46DE8}") = "03、客户端Linux", "03、客户端Linux", "{7EA8CDF6-77BC-418A-870B-14F725F06890}"
EndProject
Project("{2150E333-8FDC-42A3-9474-1A3956D46DE8}") = "05、客户端Andriod", "05、客户端Andriod", "{11CA12C0-EC36-48C1-905C-E4829A04AFBD}"
EndProject
Project("{2150E333-8FDC-42A3-9474-1A3956D46DE8}") = "06、客户端IOS", "06、客户端IOS", "{4FBE0590-46EB-4F1E-9129-6159EB6A4196}"
EndProject
Project("{2150E333-8FDC-42A3-9474-1A3956D46DE8}") = "07、客户端MacOS", "07、客户端MacOS", "{64F2E9EE-BCB1-4DB3-99ED-57BBD4E1D92E}"
EndProject
Project("{2150E333-8FDC-42A3-9474-1A3956D46DE8}") = "08、客户端Harmony", "08、客户端Harmony", "{E7D3A744-778E-4775-8E4F-7C5D401D0B9C}"
EndProject
Project("{2150E333-8FDC-42A3-9474-1A3956D46DE8}") = "09、小程序WeChat", "09、小程序WeChat", "{0041B26D-A69F-4020-A512-15EF1620F3FE}"
EndProject
Project("{2150E333-8FDC-42A3-9474-1A3956D46DE8}") = "10、小程序Alipay", "10、小程序Alipay", "{E36E6C8F-DFDD-4107-8F9E-EB910F426282}"
EndProject
Project("{2150E333-8FDC-42A3-9474-1A3956D46DE8}") = "11、小程序Douyin", "11、小程序Douyin", "{F2EA44E3-D075-458A-915D-8374B0AA8CFC}"
EndProject
Project("{2150E333-8FDC-42A3-9474-1A3956D46DE8}") = "15、自定义控件库", "15、自定义控件库", "{FB6B5D46-AB2F-4842-BA20-81D14096CD9B}"
EndProject
Project("{2150E333-8FDC-42A3-9474-1A3956D46DE8}") = "16、全能通讯库", "16、全能通讯库", "{AB3D51DC-DADB-48FB-9140-40D6354383EB}"
EndProject
Project("{FAE04EC0-301F-11D3-BF4B-00C04F79EFBC}") = "RS.OmniComLib", "RS.OmniComLib\RS.OmniComLib.csproj", "{588C4915-9BF6-9064-7EA5-5A5C4AF5B89A}"
EndProject
Project("{FAE04EC0-301F-11D3-BF4B-00C04F79EFBC}") = "RS.OmniComLib.SQLite", "RS.OmniComLib.SQLite\RS.OmniComLib.SQLite.csproj", "{E94AB270-9CDD-4CBC-B191-3B7A5873797B}"
EndProject
Global
	GlobalSection(SolutionConfigurationPlatforms) = preSolution
		Debug|Any CPU = Debug|Any CPU
		Debug|x86 = Debug|x86
		Release|Any CPU = Release|Any CPU
		Release|x86 = Release|x86
	EndGlobalSection
	GlobalSection(ProjectConfigurationPlatforms) = postSolution
		{3DB90F7D-A601-45BD-A294-5A3A7CAAB4D8}.Debug|Any CPU.ActiveCfg = Debug|Any CPU
		{3DB90F7D-A601-45BD-A294-5A3A7CAAB4D8}.Debug|Any CPU.Build.0 = Debug|Any CPU
		{3DB90F7D-A601-45BD-A294-5A3A7CAAB4D8}.Debug|x86.ActiveCfg = Debug|Any CPU
		{3DB90F7D-A601-45BD-A294-5A3A7CAAB4D8}.Debug|x86.Build.0 = Debug|Any CPU
		{3DB90F7D-A601-45BD-A294-5A3A7CAAB4D8}.Release|Any CPU.ActiveCfg = Release|Any CPU
		{3DB90F7D-A601-45BD-A294-5A3A7CAAB4D8}.Release|Any CPU.Build.0 = Release|Any CPU
		{3DB90F7D-A601-45BD-A294-5A3A7CAAB4D8}.Release|x86.ActiveCfg = Release|Any CPU
		{3DB90F7D-A601-45BD-A294-5A3A7CAAB4D8}.Release|x86.Build.0 = Release|Any CPU
		{CC629DA9-822B-417A-BA2E-145255F3D4DA}.Debug|Any CPU.ActiveCfg = Debug|Any CPU
		{CC629DA9-822B-417A-BA2E-145255F3D4DA}.Debug|Any CPU.Build.0 = Debug|Any CPU
		{CC629DA9-822B-417A-BA2E-145255F3D4DA}.Debug|x86.ActiveCfg = Debug|Any CPU
		{CC629DA9-822B-417A-BA2E-145255F3D4DA}.Debug|x86.Build.0 = Debug|Any CPU
		{CC629DA9-822B-417A-BA2E-145255F3D4DA}.Release|Any CPU.ActiveCfg = Release|Any CPU
		{CC629DA9-822B-417A-BA2E-145255F3D4DA}.Release|Any CPU.Build.0 = Release|Any CPU
		{CC629DA9-822B-417A-BA2E-145255F3D4DA}.Release|x86.ActiveCfg = Release|Any CPU
		{CC629DA9-822B-417A-BA2E-145255F3D4DA}.Release|x86.Build.0 = Release|Any CPU
		{5914FC4F-DF27-4F02-869C-83C5E66F0355}.Debug|Any CPU.ActiveCfg = Debug|Any CPU
		{5914FC4F-DF27-4F02-869C-83C5E66F0355}.Debug|Any CPU.Build.0 = Debug|Any CPU
		{5914FC4F-DF27-4F02-869C-83C5E66F0355}.Debug|x86.ActiveCfg = Debug|Any CPU
		{5914FC4F-DF27-4F02-869C-83C5E66F0355}.Debug|x86.Build.0 = Debug|Any CPU
		{5914FC4F-DF27-4F02-869C-83C5E66F0355}.Release|Any CPU.ActiveCfg = Release|Any CPU
		{5914FC4F-DF27-4F02-869C-83C5E66F0355}.Release|Any CPU.Build.0 = Release|Any CPU
		{5914FC4F-DF27-4F02-869C-83C5E66F0355}.Release|x86.ActiveCfg = Release|Any CPU
		{5914FC4F-DF27-4F02-869C-83C5E66F0355}.Release|x86.Build.0 = Release|Any CPU
		{802D2FA1-1D7F-4195-8F15-5155844CDC55}.Debug|Any CPU.ActiveCfg = Debug|Any CPU
		{802D2FA1-1D7F-4195-8F15-5155844CDC55}.Debug|Any CPU.Build.0 = Debug|Any CPU
		{802D2FA1-1D7F-4195-8F15-5155844CDC55}.Debug|x86.ActiveCfg = Debug|Any CPU
		{802D2FA1-1D7F-4195-8F15-5155844CDC55}.Debug|x86.Build.0 = Debug|Any CPU
		{802D2FA1-1D7F-4195-8F15-5155844CDC55}.Release|Any CPU.ActiveCfg = Release|Any CPU
		{802D2FA1-1D7F-4195-8F15-5155844CDC55}.Release|Any CPU.Build.0 = Release|Any CPU
		{802D2FA1-1D7F-4195-8F15-5155844CDC55}.Release|x86.ActiveCfg = Release|Any CPU
		{802D2FA1-1D7F-4195-8F15-5155844CDC55}.Release|x86.Build.0 = Release|Any CPU
		{EE2F7FC7-002B-438B-A020-EB2FCD0F012D}.Debug|Any CPU.ActiveCfg = Debug|Any CPU
		{EE2F7FC7-002B-438B-A020-EB2FCD0F012D}.Debug|Any CPU.Build.0 = Debug|Any CPU
		{EE2F7FC7-002B-438B-A020-EB2FCD0F012D}.Debug|x86.ActiveCfg = Debug|Any CPU
		{EE2F7FC7-002B-438B-A020-EB2FCD0F012D}.Debug|x86.Build.0 = Debug|Any CPU
		{EE2F7FC7-002B-438B-A020-EB2FCD0F012D}.Release|Any CPU.ActiveCfg = Release|Any CPU
		{EE2F7FC7-002B-438B-A020-EB2FCD0F012D}.Release|Any CPU.Build.0 = Release|Any CPU
		{EE2F7FC7-002B-438B-A020-EB2FCD0F012D}.Release|x86.ActiveCfg = Release|Any CPU
		{EE2F7FC7-002B-438B-A020-EB2FCD0F012D}.Release|x86.Build.0 = Release|Any CPU
		{3C05CEBB-C17D-4CAB-8905-129F24F98EED}.Debug|Any CPU.ActiveCfg = Debug|Any CPU
		{3C05CEBB-C17D-4CAB-8905-129F24F98EED}.Debug|Any CPU.Build.0 = Debug|Any CPU
		{3C05CEBB-C17D-4CAB-8905-129F24F98EED}.Debug|x86.ActiveCfg = Debug|Any CPU
		{3C05CEBB-C17D-4CAB-8905-129F24F98EED}.Debug|x86.Build.0 = Debug|Any CPU
		{3C05CEBB-C17D-4CAB-8905-129F24F98EED}.Release|Any CPU.ActiveCfg = Release|Any CPU
		{3C05CEBB-C17D-4CAB-8905-129F24F98EED}.Release|Any CPU.Build.0 = Release|Any CPU
		{3C05CEBB-C17D-4CAB-8905-129F24F98EED}.Release|x86.ActiveCfg = Release|Any CPU
		{3C05CEBB-C17D-4CAB-8905-129F24F98EED}.Release|x86.Build.0 = Release|Any CPU
		{6C121653-BB55-47A8-9250-03BB5FDADC93}.Debug|Any CPU.ActiveCfg = Debug|Any CPU
		{6C121653-BB55-47A8-9250-03BB5FDADC93}.Debug|Any CPU.Build.0 = Debug|Any CPU
		{6C121653-BB55-47A8-9250-03BB5FDADC93}.Debug|x86.ActiveCfg = Debug|Any CPU
		{6C121653-BB55-47A8-9250-03BB5FDADC93}.Debug|x86.Build.0 = Debug|Any CPU
		{6C121653-BB55-47A8-9250-03BB5FDADC93}.Release|Any CPU.ActiveCfg = Release|Any CPU
		{6C121653-BB55-47A8-9250-03BB5FDADC93}.Release|Any CPU.Build.0 = Release|Any CPU
		{6C121653-BB55-47A8-9250-03BB5FDADC93}.Release|x86.ActiveCfg = Release|Any CPU
		{6C121653-BB55-47A8-9250-03BB5FDADC93}.Release|x86.Build.0 = Release|Any CPU
		{212C7250-7265-466E-A873-BAE052590169}.Debug|Any CPU.ActiveCfg = Debug|Any CPU
		{212C7250-7265-466E-A873-BAE052590169}.Debug|Any CPU.Build.0 = Debug|Any CPU
		{212C7250-7265-466E-A873-BAE052590169}.Debug|x86.ActiveCfg = Debug|Any CPU
		{212C7250-7265-466E-A873-BAE052590169}.Debug|x86.Build.0 = Debug|Any CPU
		{212C7250-7265-466E-A873-BAE052590169}.Release|Any CPU.ActiveCfg = Release|Any CPU
		{212C7250-7265-466E-A873-BAE052590169}.Release|Any CPU.Build.0 = Release|Any CPU
		{212C7250-7265-466E-A873-BAE052590169}.Release|x86.ActiveCfg = Release|Any CPU
		{212C7250-7265-466E-A873-BAE052590169}.Release|x86.Build.0 = Release|Any CPU
		{495F5027-8EAE-4E71-89BC-0673D81184DE}.Debug|Any CPU.ActiveCfg = Debug|Any CPU
		{495F5027-8EAE-4E71-89BC-0673D81184DE}.Debug|Any CPU.Build.0 = Debug|Any CPU
		{495F5027-8EAE-4E71-89BC-0673D81184DE}.Debug|x86.ActiveCfg = Debug|Any CPU
		{495F5027-8EAE-4E71-89BC-0673D81184DE}.Debug|x86.Build.0 = Debug|Any CPU
		{495F5027-8EAE-4E71-89BC-0673D81184DE}.Release|Any CPU.ActiveCfg = Release|Any CPU
		{495F5027-8EAE-4E71-89BC-0673D81184DE}.Release|Any CPU.Build.0 = Release|Any CPU
		{495F5027-8EAE-4E71-89BC-0673D81184DE}.Release|x86.ActiveCfg = Release|Any CPU
		{495F5027-8EAE-4E71-89BC-0673D81184DE}.Release|x86.Build.0 = Release|Any CPU
		{864163D9-BA51-4F75-9A89-004DBAC495C4}.Debug|Any CPU.ActiveCfg = Debug|Any CPU
		{864163D9-BA51-4F75-9A89-004DBAC495C4}.Debug|Any CPU.Build.0 = Debug|Any CPU
		{864163D9-BA51-4F75-9A89-004DBAC495C4}.Debug|x86.ActiveCfg = Debug|Any CPU
		{864163D9-BA51-4F75-9A89-004DBAC495C4}.Debug|x86.Build.0 = Debug|Any CPU
		{864163D9-BA51-4F75-9A89-004DBAC495C4}.Release|Any CPU.ActiveCfg = Release|Any CPU
		{864163D9-BA51-4F75-9A89-004DBAC495C4}.Release|Any CPU.Build.0 = Release|Any CPU
		{864163D9-BA51-4F75-9A89-004DBAC495C4}.Release|x86.ActiveCfg = Release|Any CPU
		{864163D9-BA51-4F75-9A89-004DBAC495C4}.Release|x86.Build.0 = Release|Any CPU
		{C8C4BE36-5E0A-4C1B-B746-75552BFE2284}.Debug|Any CPU.ActiveCfg = Debug|Any CPU
		{C8C4BE36-5E0A-4C1B-B746-75552BFE2284}.Debug|x86.ActiveCfg = Debug|Any CPU
		{C8C4BE36-5E0A-4C1B-B746-75552BFE2284}.Release|Any CPU.ActiveCfg = Release|Any CPU
		{C8C4BE36-5E0A-4C1B-B746-75552BFE2284}.Release|x86.ActiveCfg = Release|Any CPU
		{E6E749AA-4E42-7953-9865-0251FEAF542B}.Debug|Any CPU.ActiveCfg = Debug|Any CPU
		{E6E749AA-4E42-7953-9865-0251FEAF542B}.Debug|Any CPU.Build.0 = Debug|Any CPU
		{E6E749AA-4E42-7953-9865-0251FEAF542B}.Debug|x86.ActiveCfg = Debug|Any CPU
		{E6E749AA-4E42-7953-9865-0251FEAF542B}.Debug|x86.Build.0 = Debug|Any CPU
		{E6E749AA-4E42-7953-9865-0251FEAF542B}.Release|Any CPU.ActiveCfg = Release|Any CPU
		{E6E749AA-4E42-7953-9865-0251FEAF542B}.Release|Any CPU.Build.0 = Release|Any CPU
		{E6E749AA-4E42-7953-9865-0251FEAF542B}.Release|x86.ActiveCfg = Release|Any CPU
		{E6E749AA-4E42-7953-9865-0251FEAF542B}.Release|x86.Build.0 = Release|Any CPU
		{E131E9C5-D429-CBA6-68A0-1F6F5B4158EC}.Debug|Any CPU.ActiveCfg = Debug|Any CPU
		{E131E9C5-D429-CBA6-68A0-1F6F5B4158EC}.Debug|Any CPU.Build.0 = Debug|Any CPU
		{E131E9C5-D429-CBA6-68A0-1F6F5B4158EC}.Debug|x86.ActiveCfg = Debug|Any CPU
		{E131E9C5-D429-CBA6-68A0-1F6F5B4158EC}.Debug|x86.Build.0 = Debug|Any CPU
		{E131E9C5-D429-CBA6-68A0-1F6F5B4158EC}.Release|Any CPU.ActiveCfg = Release|Any CPU
		{E131E9C5-D429-CBA6-68A0-1F6F5B4158EC}.Release|Any CPU.Build.0 = Release|Any CPU
		{E131E9C5-D429-CBA6-68A0-1F6F5B4158EC}.Release|x86.ActiveCfg = Release|Any CPU
		{E131E9C5-D429-CBA6-68A0-1F6F5B4158EC}.Release|x86.Build.0 = Release|Any CPU
		{1CD7C29F-6DBB-DD3A-9F66-A3E6DDD72EE9}.Debug|Any CPU.ActiveCfg = Debug|Any CPU
		{1CD7C29F-6DBB-DD3A-9F66-A3E6DDD72EE9}.Debug|Any CPU.Build.0 = Debug|Any CPU
		{1CD7C29F-6DBB-DD3A-9F66-A3E6DDD72EE9}.Debug|x86.ActiveCfg = Debug|Any CPU
		{1CD7C29F-6DBB-DD3A-9F66-A3E6DDD72EE9}.Debug|x86.Build.0 = Debug|Any CPU
		{1CD7C29F-6DBB-DD3A-9F66-A3E6DDD72EE9}.Release|Any CPU.ActiveCfg = Release|Any CPU
		{1CD7C29F-6DBB-DD3A-9F66-A3E6DDD72EE9}.Release|Any CPU.Build.0 = Release|Any CPU
		{1CD7C29F-6DBB-DD3A-9F66-A3E6DDD72EE9}.Release|x86.ActiveCfg = Release|Any CPU
		{1CD7C29F-6DBB-DD3A-9F66-A3E6DDD72EE9}.Release|x86.Build.0 = Release|Any CPU
		{B08DE793-D344-0777-B123-279A5EF49BAC}.Debug|Any CPU.ActiveCfg = Debug|Any CPU
		{B08DE793-D344-0777-B123-279A5EF49BAC}.Debug|Any CPU.Build.0 = Debug|Any CPU
		{B08DE793-D344-0777-B123-279A5EF49BAC}.Debug|x86.ActiveCfg = Debug|Any CPU
		{B08DE793-D344-0777-B123-279A5EF49BAC}.Debug|x86.Build.0 = Debug|Any CPU
		{B08DE793-D344-0777-B123-279A5EF49BAC}.Release|Any CPU.ActiveCfg = Release|Any CPU
		{B08DE793-D344-0777-B123-279A5EF49BAC}.Release|Any CPU.Build.0 = Release|Any CPU
		{B08DE793-D344-0777-B123-279A5EF49BAC}.Release|x86.ActiveCfg = Release|Any CPU
		{B08DE793-D344-0777-B123-279A5EF49BAC}.Release|x86.Build.0 = Release|Any CPU
		{CB017FD7-2426-248A-6B42-76C063094C21}.Debug|Any CPU.ActiveCfg = Debug|Any CPU
		{CB017FD7-2426-248A-6B42-76C063094C21}.Debug|Any CPU.Build.0 = Debug|Any CPU
		{CB017FD7-2426-248A-6B42-76C063094C21}.Debug|x86.ActiveCfg = Debug|Any CPU
		{CB017FD7-2426-248A-6B42-76C063094C21}.Debug|x86.Build.0 = Debug|Any CPU
		{CB017FD7-2426-248A-6B42-76C063094C21}.Release|Any CPU.ActiveCfg = Release|Any CPU
		{CB017FD7-2426-248A-6B42-76C063094C21}.Release|Any CPU.Build.0 = Release|Any CPU
		{CB017FD7-2426-248A-6B42-76C063094C21}.Release|x86.ActiveCfg = Release|Any CPU
		{CB017FD7-2426-248A-6B42-76C063094C21}.Release|x86.Build.0 = Release|Any CPU
		{9D0E6448-8C8C-4684-7FAD-F8595E1F61BC}.Debug|Any CPU.ActiveCfg = Debug|Any CPU
		{9D0E6448-8C8C-4684-7FAD-F8595E1F61BC}.Debug|Any CPU.Build.0 = Debug|Any CPU
		{9D0E6448-8C8C-4684-7FAD-F8595E1F61BC}.Debug|x86.ActiveCfg = Debug|Any CPU
		{9D0E6448-8C8C-4684-7FAD-F8595E1F61BC}.Debug|x86.Build.0 = Debug|Any CPU
		{9D0E6448-8C8C-4684-7FAD-F8595E1F61BC}.Release|Any CPU.ActiveCfg = Release|Any CPU
		{9D0E6448-8C8C-4684-7FAD-F8595E1F61BC}.Release|Any CPU.Build.0 = Release|Any CPU
		{9D0E6448-8C8C-4684-7FAD-F8595E1F61BC}.Release|x86.ActiveCfg = Release|Any CPU
		{9D0E6448-8C8C-4684-7FAD-F8595E1F61BC}.Release|x86.Build.0 = Release|Any CPU
		{BBDAEBD3-F323-C42A-FFDF-8328171277DF}.Debug|Any CPU.ActiveCfg = Debug|Any CPU
		{BBDAEBD3-F323-C42A-FFDF-8328171277DF}.Debug|Any CPU.Build.0 = Debug|Any CPU
		{BBDAEBD3-F323-C42A-FFDF-8328171277DF}.Debug|x86.ActiveCfg = Debug|Any CPU
		{BBDAEBD3-F323-C42A-FFDF-8328171277DF}.Debug|x86.Build.0 = Debug|Any CPU
		{BBDAEBD3-F323-C42A-FFDF-8328171277DF}.Release|Any CPU.ActiveCfg = Release|Any CPU
		{BBDAEBD3-F323-C42A-FFDF-8328171277DF}.Release|Any CPU.Build.0 = Release|Any CPU
		{BBDAEBD3-F323-C42A-FFDF-8328171277DF}.Release|x86.ActiveCfg = Release|Any CPU
		{BBDAEBD3-F323-C42A-FFDF-8328171277DF}.Release|x86.Build.0 = Release|Any CPU
		{E730F0C5-D9E0-6BE1-13D2-662D7BFD00D5}.Debug|Any CPU.ActiveCfg = Debug|Any CPU
		{E730F0C5-D9E0-6BE1-13D2-662D7BFD00D5}.Debug|Any CPU.Build.0 = Debug|Any CPU
		{E730F0C5-D9E0-6BE1-13D2-662D7BFD00D5}.Debug|x86.ActiveCfg = Debug|Any CPU
		{E730F0C5-D9E0-6BE1-13D2-662D7BFD00D5}.Debug|x86.Build.0 = Debug|Any CPU
		{E730F0C5-D9E0-6BE1-13D2-662D7BFD00D5}.Release|Any CPU.ActiveCfg = Release|Any CPU
		{E730F0C5-D9E0-6BE1-13D2-662D7BFD00D5}.Release|Any CPU.Build.0 = Release|Any CPU
		{E730F0C5-D9E0-6BE1-13D2-662D7BFD00D5}.Release|x86.ActiveCfg = Release|Any CPU
		{E730F0C5-D9E0-6BE1-13D2-662D7BFD00D5}.Release|x86.Build.0 = Release|Any CPU
		{3A6149D5-EBDE-333E-1B4C-430F8775220A}.Debug|Any CPU.ActiveCfg = Debug|Any CPU
		{3A6149D5-EBDE-333E-1B4C-430F8775220A}.Debug|Any CPU.Build.0 = Debug|Any CPU
		{3A6149D5-EBDE-333E-1B4C-430F8775220A}.Debug|x86.ActiveCfg = Debug|Any CPU
		{3A6149D5-EBDE-333E-1B4C-430F8775220A}.Debug|x86.Build.0 = Debug|Any CPU
		{3A6149D5-EBDE-333E-1B4C-430F8775220A}.Release|Any CPU.ActiveCfg = Release|Any CPU
		{3A6149D5-EBDE-333E-1B4C-430F8775220A}.Release|Any CPU.Build.0 = Release|Any CPU
		{3A6149D5-EBDE-333E-1B4C-430F8775220A}.Release|x86.ActiveCfg = Release|Any CPU
		{3A6149D5-EBDE-333E-1B4C-430F8775220A}.Release|x86.Build.0 = Release|Any CPU
		{922F080E-D02F-5B2B-8A97-EA4F3D91E834}.Debug|Any CPU.ActiveCfg = Debug|Any CPU
		{922F080E-D02F-5B2B-8A97-EA4F3D91E834}.Debug|Any CPU.Build.0 = Debug|Any CPU
		{922F080E-D02F-5B2B-8A97-EA4F3D91E834}.Debug|x86.ActiveCfg = Debug|Any CPU
		{922F080E-D02F-5B2B-8A97-EA4F3D91E834}.Debug|x86.Build.0 = Debug|Any CPU
		{922F080E-D02F-5B2B-8A97-EA4F3D91E834}.Release|Any CPU.ActiveCfg = Release|Any CPU
		{922F080E-D02F-5B2B-8A97-EA4F3D91E834}.Release|Any CPU.Build.0 = Release|Any CPU
		{922F080E-D02F-5B2B-8A97-EA4F3D91E834}.Release|x86.ActiveCfg = Release|Any CPU
		{922F080E-D02F-5B2B-8A97-EA4F3D91E834}.Release|x86.Build.0 = Release|Any CPU
		{E369DC3E-769F-8CE8-8105-054A7B7F5E40}.Debug|Any CPU.ActiveCfg = Debug|Any CPU
		{E369DC3E-769F-8CE8-8105-054A7B7F5E40}.Debug|Any CPU.Build.0 = Debug|Any CPU
		{E369DC3E-769F-8CE8-8105-054A7B7F5E40}.Debug|x86.ActiveCfg = Debug|Any CPU
		{E369DC3E-769F-8CE8-8105-054A7B7F5E40}.Debug|x86.Build.0 = Debug|Any CPU
		{E369DC3E-769F-8CE8-8105-054A7B7F5E40}.Release|Any CPU.ActiveCfg = Release|Any CPU
		{E369DC3E-769F-8CE8-8105-054A7B7F5E40}.Release|Any CPU.Build.0 = Release|Any CPU
		{E369DC3E-769F-8CE8-8105-054A7B7F5E40}.Release|x86.ActiveCfg = Release|Any CPU
		{E369DC3E-769F-8CE8-8105-054A7B7F5E40}.Release|x86.Build.0 = Release|Any CPU
		{3972AAA8-277A-2630-2DD9-0089209DBDCD}.Debug|Any CPU.ActiveCfg = Debug|Any CPU
		{3972AAA8-277A-2630-2DD9-0089209DBDCD}.Debug|Any CPU.Build.0 = Debug|Any CPU
		{3972AAA8-277A-2630-2DD9-0089209DBDCD}.Debug|x86.ActiveCfg = Debug|Any CPU
		{3972AAA8-277A-2630-2DD9-0089209DBDCD}.Debug|x86.Build.0 = Debug|Any CPU
		{3972AAA8-277A-2630-2DD9-0089209DBDCD}.Release|Any CPU.ActiveCfg = Release|Any CPU
		{3972AAA8-277A-2630-2DD9-0089209DBDCD}.Release|Any CPU.Build.0 = Release|Any CPU
		{3972AAA8-277A-2630-2DD9-0089209DBDCD}.Release|x86.ActiveCfg = Release|Any CPU
		{3972AAA8-277A-2630-2DD9-0089209DBDCD}.Release|x86.Build.0 = Release|Any CPU
		{65A6F981-A544-7430-5D9F-3BAD74A5ADC1}.Debug|Any CPU.ActiveCfg = Debug|Any CPU
		{65A6F981-A544-7430-5D9F-3BAD74A5ADC1}.Debug|Any CPU.Build.0 = Debug|Any CPU
		{65A6F981-A544-7430-5D9F-3BAD74A5ADC1}.Debug|x86.ActiveCfg = Debug|Any CPU
		{65A6F981-A544-7430-5D9F-3BAD74A5ADC1}.Debug|x86.Build.0 = Debug|Any CPU
		{65A6F981-A544-7430-5D9F-3BAD74A5ADC1}.Release|Any CPU.ActiveCfg = Release|Any CPU
		{65A6F981-A544-7430-5D9F-3BAD74A5ADC1}.Release|Any CPU.Build.0 = Release|Any CPU
		{65A6F981-A544-7430-5D9F-3BAD74A5ADC1}.Release|x86.ActiveCfg = Release|Any CPU
		{65A6F981-A544-7430-5D9F-3BAD74A5ADC1}.Release|x86.Build.0 = Release|Any CPU
		{3EF5BEFB-5945-714F-3CD9-A7DAB39396C9}.Debug|Any CPU.ActiveCfg = Debug|Any CPU
		{3EF5BEFB-5945-714F-3CD9-A7DAB39396C9}.Debug|Any CPU.Build.0 = Debug|Any CPU
		{3EF5BEFB-5945-714F-3CD9-A7DAB39396C9}.Debug|Any CPU.Deploy.0 = Debug|Any CPU
		{3EF5BEFB-5945-714F-3CD9-A7DAB39396C9}.Debug|x86.ActiveCfg = Debug|x86
		{3EF5BEFB-5945-714F-3CD9-A7DAB39396C9}.Debug|x86.Build.0 = Debug|x86
		{3EF5BEFB-5945-714F-3CD9-A7DAB39396C9}.Debug|x86.Deploy.0 = Debug|x86
		{3EF5BEFB-5945-714F-3CD9-A7DAB39396C9}.Release|Any CPU.ActiveCfg = Release|Any CPU
		{3EF5BEFB-5945-714F-3CD9-A7DAB39396C9}.Release|Any CPU.Build.0 = Release|Any CPU
		{3EF5BEFB-5945-714F-3CD9-A7DAB39396C9}.Release|Any CPU.Deploy.0 = Release|Any CPU
		{3EF5BEFB-5945-714F-3CD9-A7DAB39396C9}.Release|x86.ActiveCfg = Release|x86
		{3EF5BEFB-5945-714F-3CD9-A7DAB39396C9}.Release|x86.Build.0 = Release|x86
		{3EF5BEFB-5945-714F-3CD9-A7DAB39396C9}.Release|x86.Deploy.0 = Release|x86
		{588C4915-9BF6-9064-7EA5-5A5C4AF5B89A}.Debug|Any CPU.ActiveCfg = Debug|Any CPU
		{588C4915-9BF6-9064-7EA5-5A5C4AF5B89A}.Debug|Any CPU.Build.0 = Debug|Any CPU
		{588C4915-9BF6-9064-7EA5-5A5C4AF5B89A}.Debug|x86.ActiveCfg = Debug|Any CPU
		{588C4915-9BF6-9064-7EA5-5A5C4AF5B89A}.Debug|x86.Build.0 = Debug|Any CPU
		{588C4915-9BF6-9064-7EA5-5A5C4AF5B89A}.Release|Any CPU.ActiveCfg = Release|Any CPU
		{588C4915-9BF6-9064-7EA5-5A5C4AF5B89A}.Release|Any CPU.Build.0 = Release|Any CPU
		{588C4915-9BF6-9064-7EA5-5A5C4AF5B89A}.Release|x86.ActiveCfg = Release|Any CPU
		{588C4915-9BF6-9064-7EA5-5A5C4AF5B89A}.Release|x86.Build.0 = Release|Any CPU
		{E94AB270-9CDD-4CBC-B191-3B7A5873797B}.Debug|Any CPU.ActiveCfg = Debug|Any CPU
		{E94AB270-9CDD-4CBC-B191-3B7A5873797B}.Debug|Any CPU.Build.0 = Debug|Any CPU
		{E94AB270-9CDD-4CBC-B191-3B7A5873797B}.Debug|x86.ActiveCfg = Debug|Any CPU
		{E94AB270-9CDD-4CBC-B191-3B7A5873797B}.Debug|x86.Build.0 = Debug|Any CPU
		{E94AB270-9CDD-4CBC-B191-3B7A5873797B}.Release|Any CPU.ActiveCfg = Release|Any CPU
		{E94AB270-9CDD-4CBC-B191-3B7A5873797B}.Release|Any CPU.Build.0 = Release|Any CPU
		{E94AB270-9CDD-4CBC-B191-3B7A5873797B}.Release|x86.ActiveCfg = Release|Any CPU
		{E94AB270-9CDD-4CBC-B191-3B7A5873797B}.Release|x86.Build.0 = Release|Any CPU
	EndGlobalSection
	GlobalSection(SolutionProperties) = preSolution
		HideSolutionNode = FALSE
	EndGlobalSection
	GlobalSection(NestedProjects) = preSolution
		{3DB90F7D-A601-45BD-A294-5A3A7CAAB4D8} = {FB6B5D46-AB2F-4842-BA20-81D14096CD9B}
		{CC629DA9-822B-417A-BA2E-145255F3D4DA} = {FB6B5D46-AB2F-4842-BA20-81D14096CD9B}
		{5914FC4F-DF27-4F02-869C-83C5E66F0355} = {F3FACD39-FED1-4163-8078-4DA985C463BA}
		{802D2FA1-1D7F-4195-8F15-5155844CDC55} = {C75FBDA5-9493-436A-B2E2-C5456B78B174}
		{EE2F7FC7-002B-438B-A020-EB2FCD0F012D} = {5863101C-E3FC-4B08-85D4-CF46685D5986}
		{3C05CEBB-C17D-4CAB-8905-129F24F98EED} = {F3FACD39-FED1-4163-8078-4DA985C463BA}
		{6C121653-BB55-47A8-9250-03BB5FDADC93} = {51FDEC41-3BB0-4F5E-AC34-AC845AC68A41}
		{212C7250-7265-466E-A873-BAE052590169} = {03837589-9FC2-40DD-9F57-FAAEAE38CCD8}
		{495F5027-8EAE-4E71-89BC-0673D81184DE} = {95312252-6118-4A15-877E-B22C6556AA0B}
		{864163D9-BA51-4F75-9A89-004DBAC495C4} = {95312252-6118-4A15-877E-B22C6556AA0B}
		{C8C4BE36-5E0A-4C1B-B746-75552BFE2284} = {03837589-9FC2-40DD-9F57-FAAEAE38CCD8}
		{E6E749AA-4E42-7953-9865-0251FEAF542B} = {522B4E47-7720-4AC7-A373-7F2259CC1B9D}
		{E131E9C5-D429-CBA6-68A0-1F6F5B4158EC} = {522B4E47-7720-4AC7-A373-7F2259CC1B9D}
		{1CD7C29F-6DBB-DD3A-9F66-A3E6DDD72EE9} = {522B4E47-7720-4AC7-A373-7F2259CC1B9D}
		{B08DE793-D344-0777-B123-279A5EF49BAC} = {522B4E47-7720-4AC7-A373-7F2259CC1B9D}
		{CB017FD7-2426-248A-6B42-76C063094C21} = {522B4E47-7720-4AC7-A373-7F2259CC1B9D}
		{9D0E6448-8C8C-4684-7FAD-F8595E1F61BC} = {522B4E47-7720-4AC7-A373-7F2259CC1B9D}
		{BBDAEBD3-F323-C42A-FFDF-8328171277DF} = {522B4E47-7720-4AC7-A373-7F2259CC1B9D}
		{E730F0C5-D9E0-6BE1-13D2-662D7BFD00D5} = {522B4E47-7720-4AC7-A373-7F2259CC1B9D}
		{3A6149D5-EBDE-333E-1B4C-430F8775220A} = {78E472E8-3D61-47E1-9FD3-C172062B5482}
		{922F080E-D02F-5B2B-8A97-EA4F3D91E834} = {78E472E8-3D61-47E1-9FD3-C172062B5482}
		{E369DC3E-769F-8CE8-8105-054A7B7F5E40} = {78E472E8-3D61-47E1-9FD3-C172062B5482}
		{3972AAA8-277A-2630-2DD9-0089209DBDCD} = {78E472E8-3D61-47E1-9FD3-C172062B5482}
		{65A6F981-A544-7430-5D9F-3BAD74A5ADC1} = {78E472E8-3D61-47E1-9FD3-C172062B5482}
		{3EF5BEFB-5945-714F-3CD9-A7DAB39396C9} = {02EA681E-C7D8-13C7-8484-4AC65E1B71E8}
		{588C4915-9BF6-9064-7EA5-5A5C4AF5B89A} = {AB3D51DC-DADB-48FB-9140-40D6354383EB}
		{E94AB270-9CDD-4CBC-B191-3B7A5873797B} = {AB3D51DC-DADB-48FB-9140-40D6354383EB}
	EndGlobalSection
	GlobalSection(ExtensibilityGlobals) = postSolution
		SolutionGuid = {A61DC8B5-FB51-4FC7-B9BE-A083D5D8E7B7}
	EndGlobalSection
EndGlobal
